
Microsoft Visual Studio Solution File, Format Version 12.00
# Visual Studio Version 17
VisualStudioVersion = 17.6.33829.357
MinimumVisualStudioVersion = 10.0.40219.1
Project("{FAE04EC0-301F-11D3-BF4B-00C04F79EFBC}") = "JuegoParcial2", "JuegoParcial2\JuegoParcial2.csproj", "{B0B1F07B-9D61-4E87-A81C-9D261AE111B4}"
EndProject
Global
	GlobalSection(SolutionConfigurationPlatforms) = preSolution
		Debug|Any CPU = Debug|Any CPU
		Release|Any CPU = Release|Any CPU
	EndGlobalSection
	GlobalSection(ProjectConfigurationPlatforms) = postSolution
		{B0B1F07B-9D61-4E87-A81C-9D261AE111B4}.Debug|Any CPU.ActiveCfg = Debug|Any CPU
		{B0B1F07B-9D61-4E87-A81C-9D261AE111B4}.Debug|Any CPU.Build.0 = Debug|Any CPU
		{B0B1F07B-9D61-4E87-A81C-9D261AE111B4}.Release|Any CPU.ActiveCfg = Release|Any CPU
		{B0B1F07B-9D61-4E87-A81C-9D261AE111B4}.Release|Any CPU.Build.0 = Release|Any CPU
	EndGlobalSection
	GlobalSection(SolutionProperties) = preSolution
		HideSolutionNode = FALSE
	EndGlobalSection
	GlobalSection(ExtensibilityGlobals) = postSolution
		SolutionGuid = {73D1C68D-618C-4B13-B562-CA69392551A9}
	EndGlobalSection
EndGlobal
