
Microsoft Visual Studio Solution File, Format Version 12.00
# Visual Studio Version 16
VisualStudioVersion = 16.0.32106.194
MinimumVisualStudioVersion = 10.0.40219.1
Project("{FAE04EC0-301F-11D3-BF4B-00C04F79EFBC}") = "Parcial2", "Parcial2.csproj", "{1B481DAC-EAA2-4EEB-920E-A32557103880}"
EndProject
Global
	GlobalSection(SolutionConfigurationPlatforms) = preSolution
		Debug|Any CPU = Debug|Any CPU
		Release|Any CPU = Release|Any CPU
	EndGlobalSection
	GlobalSection(ProjectConfigurationPlatforms) = postSolution
		{1B481DAC-EAA2-4EEB-920E-A32557103880}.Debug|Any CPU.ActiveCfg = Debug|Any CPU
		{1B481DAC-EAA2-4EEB-920E-A32557103880}.Debug|Any CPU.Build.0 = Debug|Any CPU
		{1B481DAC-EAA2-4EEB-920E-A32557103880}.Release|Any CPU.ActiveCfg = Release|Any CPU
		{1B481DAC-EAA2-4EEB-920E-A32557103880}.Release|Any CPU.Build.0 = Release|Any CPU
	EndGlobalSection
	GlobalSection(SolutionProperties) = preSolution
		HideSolutionNode = FALSE
	EndGlobalSection
	GlobalSection(ExtensibilityGlobals) = postSolution
		SolutionGuid = {89E10B16-687B-477A-B7E6-617A0210C483}
	EndGlobalSection
EndGlobal
